<?xml version="1.0" encoding="utf-8"?>
<Project ToolsVersion="4.0" xmlns="http://schemas.microsoft.com/developer/msbuild/2003">
  <ItemGroup>
    <ClInclude Include="Source\Include\Game.h" />
    <ClInclude Include="Source\Include\GameObject.h" />
    <ClInclude Include="Source\Include\Camera.h" />
  </ItemGroup>
  <ItemGroup>
    <ClCompile Include="Source\Banished.cpp" />
    <ClCompile Include="Source\Source\Game.cpp" />
    <ClCompile Include="Source\Source\GameObject.cpp" />
    <ClCompile Include="Source\Source\Camera.cpp" />
  </ItemGroup>
</Project>